# This file was autogenerated by uv via the following command:
#    uv pip compile environment/bootstrap.in --generate-hashes --output-file environment/bootstrap.lock
packaging==26.3 \
    --hash=sha256:94edc256424af38762eb31306eed28beb9f0efc50a8837492c9d6fd6004aed79 \
    --hash=sha256:d7193f7c8e4e93f444fde0262bf90af30e16fa0ad0ad44cb553c87339b23cd1c
    # via wheel
pip==26.2 \
    --hash=sha256:2d8542afcc84cdd8e846c2b36b2861fad1da376dd98f8e7113e9108a3c331690 \
    --hash=sha256:931c303696af6fa3417112103b1cad26890e5a07eccb5b99783700e33f2b8aad
    # via -r environment/bootstrap.in
setuptools==80.9.0 \
    --hash=sha256:062d34222ad13e0cc312a4c02d73f059e86a4acbfbdea8f8f76b28c99f306922 \
    --hash=sha256:f36b47402ecde768dbfafc46e8e4207b4360c654f1f3bb84475f0a28628fb19c
    # via -r environment/bootstrap.in
wheel==0.46.3 \
    --hash=sha256:4b399d56c9d9338230118d705d9737a2a468ccca63d5e813e2a4fc7815d8bc4d \
    --hash=sha256:e3e79874b07d776c40bd6033f8ddf76a7dad46a7b8aa1b2787a83083519a1803
    # via -r environment/bootstrap.in
